// !$*UTF8*$!
{
	archiveVersion = 1;
	classes = {
	};
	objectVersion = 46;
	objects = {

/* Begin PBXBuildFile section */
		F0EA60DA1EE12A4300553D84 /* AppDelegate.swift in Sources */ = {isa = PBXBuildFile; fileRef = F0EA60D91EE12A4300553D84 /* AppDelegate.swift */; };
		F0EA60DC1EE12A4300553D84 /* ViewController.swift in Sources */ = {isa = PBXBuildFile; fileRef = F0EA60DB1EE12A4300553D84 /* ViewController.swift */; };
		F0EA60DF1EE12A4300553D84 /* Main.storyboard in Resources */ = {isa = PBXBuildFile; fileRef = F0EA60DD1EE12A4300553D84 /* Main.storyboard */; };
		F0EA60E11EE12A4300553D84 /* Assets.xcassets in Resources */ = {isa = PBXBuildFile; fileRef = F0EA60E01EE12A4300553D84 /* Assets.xcassets */; };
		F0EA60E41EE12A4300553D84 /* LaunchScreen.storyboard in Resources */ = {isa = PBXBuildFile; fileRef = F0EA60E21EE12A4300553D84 /* LaunchScreen.storyboard */; };
/* End PBXBuildFile section */

/* Begin PBXFileReference section */
		F0EA60D61EE12A4300553D84 /* CheckInternetConnection.app */ = {isa = PBXFileReference; explicitFileType = wrapper.application; includeInIndex = 0; path = CheckInternetConnection.app; sourceTree = BUILT_PRODUCTS_DIR; };
		F0EA60D91EE12A4300553D84 /* AppDelegate.swift */ = {isa = PBXFileReference; lastKnownFileType = sourcecode.swift; path = AppDelegate.swift; sourceTree = "<group>"; };
		F0EA60DB1EE12A4300553D84 /* ViewController.swift */ = {isa = PBXFileReference; lastKnownFileType = sourcecode.swift; path = ViewController.swift; sourceTree = "<group>"; };
		F0EA60DE1EE12A4300553D84 /* Base */ = {isa = PBXFileReference; lastKnownFileType = file.storyboard; name = Base; path = Base.lproj/Main.storyboard; sourceTree = "<group>"; };
		F0EA60E01EE12A4300553D84 /* Assets.xcassets */ = {isa = PBXFileReference; lastKnownFileType = folder.assetcatalog; path = Assets.xcassets; sourceTree = "<group>"; };
		F0EA60E31EE12A4300553D84 /* Base */ = {isa = PBXFileReference; lastKnownFileType = file.storyboard; name = Base; path = Base.lproj/LaunchScreen.storyboard; sourceTree = "<group>"; };
		F0EA60E51EE12A4300553D84 /* Info.plist */ = {isa = PBXFileReference; lastKnownFileType = text.plist.xml; path = Info.plist; sourceTree = "<group>"; };
/* End PBXFileReference section */

/* Begin PBXFrameworksBuildPhase section */
		F0EA60D31EE12A4300553D84 /* Frameworks */ = {
			isa = PBXFrameworksBuildPhase;
			buildActionMask = 2147483647;
			files = (
			);
			runOnlyForDeploymentPostprocessing = 0;
		};
/* End PBXFrameworksBuildPhase section */

/* Begin PBXGroup section */
		F0EA60CD1EE12A4300553D84 = {
			isa = PBXGroup;
			children = (
				F0EA60D81EE12A4300553D84 /* CheckInternetConnection */,
				F0EA60D71EE12A4300553D84 /* Products */,
			);
			sourceTree = "<group>";
		};
		F0EA60D71EE12A4300553D84 /* Products */ = {
			isa = PBXGroup;
			children = (
				F0EA60D61EE12A4300553D84 /* CheckInternetConnection.app */,
			);
			name = Products;
			sourceTree = "<group>";
		};
		F0EA60D81EE12A4300553D84 /* CheckInternetConnection */ = {
			isa = PBXGroup;
			children = (
				F0EA60D91EE12A4300553D84 /* AppDelegate.swift */,
				F0EA60DB1EE12A4300553D84 /* ViewController.swift */,
				F0EA60DD1EE12A4300553D84 /* Main.storyboard */,
				F0EA60E01EE12A4300553D84 /* Assets.xcassets */,
				F0EA60E21EE12A4300553D84 /* LaunchScreen.storyboard */,
				F0EA60E51EE12A4300553D84 /* Info.plist */,
			);
			path = CheckInternetConnection;
			sourceTree = "<group>";
		};
/* End PBXGroup section */

/* Begin PBXNativeTarget section */
		F0EA60D51EE12A4300553D84 /* CheckInternetConnection */ = {
			isa = PBXNativeTarget;
			buildConfigurationList = F0EA60E81EE12A4300553D84 /* Build configuration list for PBXNativeTarget "CheckInternetConnection" */;
			buildPhases = (
				F0EA60D21EE12A4300553D84 /* Sources */,
				F0EA60D31EE12A4300553D84 /* Frameworks */,
				F0EA60D41EE12A4300553D84 /* Resources */,
			);
			buildRules = (
			);
			dependencies = (
			);
			name = CheckInternetConnection;
			productName = CheckInternetConnection;
			productReference = F0EA60D61EE12A4300553D84 /* CheckInternetConnection.app */;
			productType = "com.apple.product-type.application";
		};
/* End PBXNativeTarget section */

/* Begin PBXProject section */
		F0EA60CE1EE12A4300553D84 /* Project object */ = {
			isa = PBXProject;
			attributes = {
				LastSwiftUpdateCheck = 0830;
				LastUpgradeCheck = 0830;
				ORGANIZATIONNAME = "Kittitat Rodphotong";
				TargetAttributes = {
					F0EA60D51EE12A4300553D84 = {
						CreatedOnToolsVersion = 8.3.2;
						ProvisioningStyle = Automatic;
					};
				};
			};
			buildConfigurationList = F0EA60D11EE12A4300553D84 /* Build configuration list for PBXProject "CheckInternetConnection" */;
			compatibilityVersion = "Xcode 3.2";
			developmentRegion = English;
			hasScannedForEncodings = 0;
			knownRegions = (
				en,
				Base,
			);
			mainGroup = F0EA60CD1EE12A4300553D84;
			productRefGroup = F0EA60D71EE12A4300553D84 /* Products */;
			projectDirPath = "";
			projectRoot = "";
			targets = (
				F0EA60D51EE12A4300553D84 /* CheckInternetConnection */,
			);
		};
/* End PBXProject section */

/* Begin PBXResourcesBuildPhase section */
		F0EA60D41EE12A4300553D84 /* Resources */ = {
			isa = PBXResourcesBuildPhase;
			buildActionMask = 2147483647;
			files = (
				F0EA60E41EE12A4300553D84 /* LaunchScreen.storyboard in Resources */,
				F0EA60E11EE12A4300553D84 /* Assets.xcassets in Resources */,
				F0EA60DF1EE12A4300553D84 /* Main.storyboard in Resources */,
			);
			runOnlyForDeploymentPostprocessing = 0;
		};
/* End PBXResourcesBuildPhase section */

/* Begin PBXSourcesBuildPhase section */
		F0EA60D21EE12A4300553D84 /* Sources */ = {
			isa = PBXSourcesBuildPhase;
			buildActionMask = 2147483647;
			files = (
				F0EA60DC1EE12A4300553D84 /* ViewController.swift in Sources */,
				F0EA60DA1EE12A4300553D84 /* AppDelegate.swift in Sources */,
			);
			runOnlyForDeploymentPostprocessing = 0;
		};
/* End PBXSourcesBuildPhase section */

/* Begin PBXVariantGroup section */
		F0EA60DD1EE12A4300553D84 /* Main.storyboard */ = {
			isa = PBXVariantGroup;
			children = (
				F0EA60DE1EE12A4300553D84 /* Base */,
			);
			name = Main.storyboard;
			sourceTree = "<group>";
		};
		F0EA60E21EE12A4300553D84 /* LaunchScreen.storyboard */ = {
			isa = PBXVariantGroup;
			children = (
				F0EA60E31EE12A4300553D84 /* Base */,
			);
			name = LaunchScreen.storyboard;
			sourceTree = "<group>";
		};
/* End PBXVariantGroup section */

/* Begin XCBuildConfiguration section */
		F0EA60E61EE12A4300553D84 /* Debug */ = {
			isa = XCBuildConfiguration;
			buildSettings = {
				ALWAYS_SEARCH_USER_PATHS = NO;
				CLANG_ANALYZER_NONNULL = YES;
				CLANG_ANALYZER_NUMBER_OBJECT_CONVERSION = YES_AGGRESSIVE;
				CLANG_CXX_LANGUAGE_STANDARD = "gnu++0x";
				CLANG_CXX_LIBRARY = "libc++";
				CLANG_ENABLE_MODULES = YES;
				CLANG_ENABLE_OBJC_ARC = YES;
				CLANG_WARN_BOOL_CONVERSION = YES;
				CLANG_WARN_CONSTANT_CONVERSION = YES;
				CLANG_WARN_DIRECT_OBJC_ISA_USAGE = YES_ERROR;
				CLANG_WARN_DOCUMENTATION_COMMENTS = YES;
				CLANG_WARN_EMPTY_BODY = YES;
				CLANG_WARN_ENUM_CONVERSION = YES;
				CLANG_WARN_INFINITE_RECURSION = YES;
				CLANG_WARN_INT_CONVERSION = YES;
				CLANG_WARN_OBJC_ROOT_CLASS = YES_ERROR;
				CLANG_WARN_SUSPICIOUS_MOVE = YES;
				CLANG_WARN_UNREACHABLE_CODE = YES;
				CLANG_WARN__DUPLICATE_METHOD_MATCH = YES;
				"CODE_SIGN_IDENTITY[sdk=iphoneos*]" = "iPhone Developer";
				COPY_PHASE_STRIP = NO;
				DEBUG_INFORMATION_FORMAT = dwarf;
				ENABLE_STRICT_OBJC_MSGSEND = YES;
				ENABLE_TESTABILITY = YES;
				GCC_C_LANGUAGE_STANDARD = gnu99;
				GCC_DYNAMIC_NO_PIC = NO;
				GCC_NO_COMMON_BLOCKS = YES;
				GCC_OPTIMIZATION_LEVEL = 0;
				GCC_PREPROCESSOR_DEFINITIONS = (
					"DEBUG=1",
					"$(inherited)",
				);
				GCC_WARN_64_TO_32_BIT_CONVERSION = YES;
				GCC_WARN_ABOUT_RETURN_TYPE = YES_ERROR;
				GCC_WARN_UNDECLARED_SELECTOR = YES;
				GCC_WARN_UNINITIALIZED_AUTOS = YES_AGGRESSIVE;
				GCC_WARN_UNUSED_FUNCTION = YES;
				GCC_WARN_UNUSED_VARIABLE = YES;
				IPHONEOS_DEPLOYMENT_TARGET = 10.3;
				MTL_ENABLE_DEBUG_INFO = YES;
				ONLY_ACTIVE_ARCH = YES;
				SDKROOT = iphoneos;
				SWIFT_ACTIVE_COMPILATION_CONDITIONS = DEBUG;
				SWIFT_OPTIMIZATION_LEVEL = "-Onone";
			};
			name = Debug;
		};
		F0EA60E71EE12A4300553D84 /* Release */ = {
			isa = XCBuildConfiguration;
			buildSettings = {
				ALWAYS_SEARCH_USER_PATHS = NO;
				CLANG_ANALYZER_NONNULL = YES;
				CLANG_ANALYZER_NUMBER_OBJECT_CONVERSION = YES_AGGRESSIVE;
				CLANG_CXX_LANGUAGE_STANDARD = "gnu++0x";
				CLANG_CXX_LIBRARY = "libc++";
				CLANG_ENABLE_MODULES = YES;
				CLANG_ENABLE_OBJC_ARC = YES;
				CLANG_WARN_BOOL_CONVERSION = YES;
				CLANG_WARN_CONSTANT_CONVERSION = YES;
				CLANG_WARN_DIRECT_OBJC_ISA_USAGE = YES_ERROR;
				CLANG_WARN_DOCUMENTATION_COMMENTS = YES;
				CLANG_WARN_EMPTY_BODY = YES;
				CLANG_WARN_ENUM_CONVERSION = YES;
				CLANG_WARN_INFINITE_RECURSION = YES;
				CLANG_WARN_INT_CONVERSION = YES;
				CLANG_WARN_OBJC_ROOT_CLASS = YES_ERROR;
				CLANG_WARN_SUSPICIOUS_MOVE = YES;
				CLANG_WARN_UNREACHABLE_CODE = YES;
				CLANG_WARN__DUPLICATE_METHOD_MATCH = YES;
				"CODE_SIGN_IDENTITY[sdk=iphoneos*]" = "iPhone Developer";
				COPY_PHASE_STRIP = NO;
				DEBUG_INFORMATION_FORMAT = "dwarf-with-dsym";
				ENABLE_NS_ASSERTIONS = NO;
				ENABLE_STRICT_OBJC_MSGSEND = YES;
				GCC_C_LANGUAGE_STANDARD = gnu99;
				GCC_NO_COMMON_BLOCKS = YES;
				GCC_WARN_64_TO_32_BIT_CONVERSION = YES;
				GCC_WARN_ABOUT_RETURN_TYPE = YES_ERROR;
				GCC_WARN_UNDECLARED_SELECTOR = YES;
				GCC_WARN_UNINITIALIZED_AUTOS = YES_AGGRESSIVE;
				GCC_WARN_UNUSED_FUNCTION = YES;
				GCC_WARN_UNUSED_VARIABLE = YES;
				IPHONEOS_DEPLOYMENT_TARGET = 10.3;
				MTL_ENABLE_DEBUG_INFO = NO;
				SDKROOT = iphoneos;
				SWIFT_OPTIMIZATION_LEVEL = "-Owholemodule";
				VALIDATE_PRODUCT = YES;
			};
			name = Release;
		};
		F0EA60E91EE12A4300553D84 /* Debug */ = {
			isa = XCBuildConfiguration;
			buildSettings = {
				ASSETCATALOG_COMPILER_APPICON_NAME = AppIcon;
				INFOPLIST_FILE = CheckInternetConnection/Info.plist;
				LD_RUNPATH_SEARCH_PATHS = "$(inherited) @executable_path/Frameworks";
				PRODUCT_BUNDLE_IDENTIFIER = FameSprinter.CheckInternetConnection;
				PRODUCT_NAME = "$(TARGET_NAME)";
				SWIFT_VERSION = 3.0;
			};
			name = Debug;
		};
		F0EA60EA1EE12A4300553D84 /* Release */ = {
			isa = XCBuildConfiguration;
			buildSettings = {
				ASSETCATALOG_COMPILER_APPICON_NAME = AppIcon;
				INFOPLIST_FILE = CheckInternetConnection/Info.plist;
				LD_RUNPATH_SEARCH_PATHS = "$(inherited) @executable_path/Frameworks";
				PRODUCT_BUNDLE_IDENTIFIER = FameSprinter.CheckInternetConnection;
				PRODUCT_NAME = "$(TARGET_NAME)";
				SWIFT_VERSION = 3.0;
			};
			name = Release;
		};
/* End XCBuildConfiguration section */

/* Begin XCConfigurationList section */
		F0EA60D11EE12A4300553D84 /* Build configuration list for PBXProject "CheckInternetConnection" */ = {
			isa = XCConfigurationList;
			buildConfigurations = (
				F0EA60E61EE12A4300553D84 /* Debug */,
				F0EA60E71EE12A4300553D84 /* Release */,
			);
			defaultConfigurationIsVisible = 0;
			defaultConfigurationName = Release;
		};
		F0EA60E81EE12A4300553D84 /* Build configuration list for PBXNativeTarget "CheckInternetConnection" */ = {
			isa = XCConfigurationList;
			buildConfigurations = (
				F0EA60E91EE12A4300553D84 /* Debug */,
				F0EA60EA1EE12A4300553D84 /* Release */,
			);
			defaultConfigurationIsVisible = 0;
		};
/* End XCConfigurationList section */
	};
	rootObject = F0EA60CE1EE12A4300553D84 /* Project object */;
}
